
Microsoft Visual Studio Solution File, Format Version 12.00
# Visual Studio Version 17
VisualStudioVersion = 17.4.33205.214
MinimumVisualStudioVersion = 10.0.40219.1
Project("{FAE04EC0-301F-11D3-BF4B-00C04F79EFBC}") = "PricingEngine", "PricingEngine\PricingEngine.csproj", "{17FF1995-7160-410E-8A2A-B8870BFC2FE6}"
EndProject
Global
	GlobalSection(SolutionConfigurationPlatforms) = preSolution
		Debug|Any CPU = Debug|Any CPU
		Release|Any CPU = Release|Any CPU
	EndGlobalSection
	GlobalSection(ProjectConfigurationPlatforms) = postSolution
		{17FF1995-7160-410E-8A2A-B8870BFC2FE6}.Debug|Any CPU.ActiveCfg = Debug|Any CPU
		{17FF1995-7160-410E-8A2A-B8870BFC2FE6}.Debug|Any CPU.Build.0 = Debug|Any CPU
		{17FF1995-7160-410E-8A2A-B8870BFC2FE6}.Release|Any CPU.ActiveCfg = Release|Any CPU
		{17FF1995-7160-410E-8A2A-B8870BFC2FE6}.Release|Any CPU.Build.0 = Release|Any CPU
	EndGlobalSection
	GlobalSection(SolutionProperties) = preSolution
		HideSolutionNode = FALSE
	EndGlobalSection
	GlobalSection(ExtensibilityGlobals) = postSolution
		SolutionGuid = {AD0EFF25-AFF0-4A6F-B8B5-44157834AE63}
	EndGlobalSection
EndGlobal
